# THIS IS AN AUTOGENERATED FILE. DO NOT EDIT THIS FILE DIRECTLY.
# yarn lockfile v1


svelte-waypoint@^0.1.0:
  version "0.1.0"
  resolved "https://registry.yarnpkg.com/svelte-waypoint/-/svelte-waypoint-0.1.0.tgz#40f7c0c0f666d6e22464b88f51a202497d5ad487"
  integrity sha512-aEZ0a1TYLv1kSB+Cmx7LZExXs8wIvQ76uJk1o7ai8x2X+CFFLK1ceaGjRS7VXDQRg2byRxDL5DZjj526PXCGGw==
